
Microsoft Visual Studio Solution File, Format Version 12.00
# Visual Studio Version 17
VisualStudioVersion = 17.6.33829.357
MinimumVisualStudioVersion = 10.0.40219.1
Project("{FAE04EC0-301F-11D3-BF4B-00C04F79EFBC}") = "EFSample", "EFSample\EFSample.csproj", "{AD5E4F6E-BD2E-46E1-A4CE-0838DBADA1D6}"
EndProject
Global
	GlobalSection(SolutionConfigurationPlatforms) = preSolution
		Debug|Any CPU = Debug|Any CPU
		Release|Any CPU = Release|Any CPU
	EndGlobalSection
	GlobalSection(ProjectConfigurationPlatforms) = postSolution
		{AD5E4F6E-BD2E-46E1-A4CE-0838DBADA1D6}.Debug|Any CPU.ActiveCfg = Debug|Any CPU
		{AD5E4F6E-BD2E-46E1-A4CE-0838DBADA1D6}.Debug|Any CPU.Build.0 = Debug|Any CPU
		{AD5E4F6E-BD2E-46E1-A4CE-0838DBADA1D6}.Release|Any CPU.ActiveCfg = Release|Any CPU
		{AD5E4F6E-BD2E-46E1-A4CE-0838DBADA1D6}.Release|Any CPU.Build.0 = Release|Any CPU
	EndGlobalSection
	GlobalSection(SolutionProperties) = preSolution
		HideSolutionNode = FALSE
	EndGlobalSection
	GlobalSection(ExtensibilityGlobals) = postSolution
		SolutionGuid = {8D1A4D80-6E0F-4494-93E4-05358F03C07F}
	EndGlobalSection
EndGlobal
